
Microsoft Visual Studio Solution File, Format Version 12.00
# Visual Studio Version 16
VisualStudioVersion = 16.0.28803.202
MinimumVisualStudioVersion = 10.0.40219.1
Project("{8BC9CEB8-8B4A-11D0-8D11-00A0C91BC942}") = "Core", "Core\Core.vcxproj", "{7844194A-56A5-4023-8296-3808A889AC6D}"
	ProjectSection(ProjectDependencies) = postProject
		{AFD4C612-6EC5-4D52-BED2-2263914F959E} = {AFD4C612-6EC5-4D52-BED2-2263914F959E}
		{0F175F9F-0060-43D9-8099-9040113D56FF} = {0F175F9F-0060-43D9-8099-9040113D56FF}
	EndProjectSection
EndProject
Project("{8BC9CEB8-8B4A-11D0-8D11-00A0C91BC942}") = "MFC", "MFC\MFC.vcxproj", "{0F175F9F-0060-43D9-8099-9040113D56FF}"
	ProjectSection(ProjectDependencies) = postProject
		{AFD4C612-6EC5-4D52-BED2-2263914F959E} = {AFD4C612-6EC5-4D52-BED2-2263914F959E}
	EndProjectSection
EndProject
Project("{8BC9CEB8-8B4A-11D0-8D11-00A0C91BC942}") = "Util", "Util\Util.vcxproj", "{AFD4C612-6EC5-4D52-BED2-2263914F959E}"
EndProject
Project("{8BC9CEB8-8B4A-11D0-8D11-00A0C91BC942}") = "Games", "Games\Games.vcxproj", "{080C3877-7574-4A97-83EE-18E0B32889CC}"
	ProjectSection(ProjectDependencies) = postProject
		{AFD4C612-6EC5-4D52-BED2-2263914F959E} = {AFD4C612-6EC5-4D52-BED2-2263914F959E}
		{7844194A-56A5-4023-8296-3808A889AC6D} = {7844194A-56A5-4023-8296-3808A889AC6D}
		{0F175F9F-0060-43D9-8099-9040113D56FF} = {0F175F9F-0060-43D9-8099-9040113D56FF}
	EndProjectSection
EndProject
Project("{8BC9CEB8-8B4A-11D0-8D11-00A0C91BC942}") = "App", "App\App.vcxproj", "{87C0BBA9-F580-4261-A1B7-5E5E097C0497}"
	ProjectSection(ProjectDependencies) = postProject
		{AFD4C612-6EC5-4D52-BED2-2263914F959E} = {AFD4C612-6EC5-4D52-BED2-2263914F959E}
		{7844194A-56A5-4023-8296-3808A889AC6D} = {7844194A-56A5-4023-8296-3808A889AC6D}
		{080C3877-7574-4A97-83EE-18E0B32889CC} = {080C3877-7574-4A97-83EE-18E0B32889CC}
		{0F175F9F-0060-43D9-8099-9040113D56FF} = {0F175F9F-0060-43D9-8099-9040113D56FF}
	EndProjectSection
EndProject
Project("{8BC9CEB8-8B4A-11D0-8D11-00A0C91BC942}") = "Unit Test - Core", "Unit Tests\Unit Test - Core\Unit Test - Core.vcxproj", "{C6DC45BC-C3C9-415F-BB13-7099220EE460}"
EndProject
Project("{8BC9CEB8-8B4A-11D0-8D11-00A0C91BC942}") = "Unit Test - Games", "Unit Tests\Unit Test - Games\Unit Test - Games.vcxproj", "{0170DCC6-56E8-4154-B9D6-9AC51CACC59E}"
EndProject
Global
	GlobalSection(SolutionConfigurationPlatforms) = preSolution
		Debug|x64 = Debug|x64
		Debug|x86 = Debug|x86
		Release|x64 = Release|x64
		Release|x86 = Release|x86
	EndGlobalSection
	GlobalSection(ProjectConfigurationPlatforms) = postSolution
		{7844194A-56A5-4023-8296-3808A889AC6D}.Debug|x64.ActiveCfg = Debug|x64
		{7844194A-56A5-4023-8296-3808A889AC6D}.Debug|x64.Build.0 = Debug|x64
		{7844194A-56A5-4023-8296-3808A889AC6D}.Debug|x86.ActiveCfg = Debug|Win32
		{7844194A-56A5-4023-8296-3808A889AC6D}.Debug|x86.Build.0 = Debug|Win32
		{7844194A-56A5-4023-8296-3808A889AC6D}.Release|x64.ActiveCfg = Release|x64
		{7844194A-56A5-4023-8296-3808A889AC6D}.Release|x64.Build.0 = Release|x64
		{7844194A-56A5-4023-8296-3808A889AC6D}.Release|x86.ActiveCfg = Release|Win32
		{7844194A-56A5-4023-8296-3808A889AC6D}.Release|x86.Build.0 = Release|Win32
		{0F175F9F-0060-43D9-8099-9040113D56FF}.Debug|x64.ActiveCfg = Debug|x64
		{0F175F9F-0060-43D9-8099-9040113D56FF}.Debug|x64.Build.0 = Debug|x64
		{0F175F9F-0060-43D9-8099-9040113D56FF}.Debug|x86.ActiveCfg = Debug|Win32
		{0F175F9F-0060-43D9-8099-9040113D56FF}.Debug|x86.Build.0 = Debug|Win32
		{0F175F9F-0060-43D9-8099-9040113D56FF}.Release|x64.ActiveCfg = Release|x64
		{0F175F9F-0060-43D9-8099-9040113D56FF}.Release|x64.Build.0 = Release|x64
		{0F175F9F-0060-43D9-8099-9040113D56FF}.Release|x86.ActiveCfg = Release|Win32
		{0F175F9F-0060-43D9-8099-9040113D56FF}.Release|x86.Build.0 = Release|Win32
		{AFD4C612-6EC5-4D52-BED2-2263914F959E}.Debug|x64.ActiveCfg = Debug|x64
		{AFD4C612-6EC5-4D52-BED2-2263914F959E}.Debug|x64.Build.0 = Debug|x64
		{AFD4C612-6EC5-4D52-BED2-2263914F959E}.Debug|x86.ActiveCfg = Debug|Win32
		{AFD4C612-6EC5-4D52-BED2-2263914F959E}.Debug|x86.Build.0 = Debug|Win32
		{AFD4C612-6EC5-4D52-BED2-2263914F959E}.Release|x64.ActiveCfg = Release|x64
		{AFD4C612-6EC5-4D52-BED2-2263914F959E}.Release|x64.Build.0 = Release|x64
		{AFD4C612-6EC5-4D52-BED2-2263914F959E}.Release|x86.ActiveCfg = Release|Win32
		{AFD4C612-6EC5-4D52-BED2-2263914F959E}.Release|x86.Build.0 = Release|Win32
		{080C3877-7574-4A97-83EE-18E0B32889CC}.Debug|x64.ActiveCfg = Debug|x64
		{080C3877-7574-4A97-83EE-18E0B32889CC}.Debug|x64.Build.0 = Debug|x64
		{080C3877-7574-4A97-83EE-18E0B32889CC}.Debug|x86.ActiveCfg = Debug|Win32
		{080C3877-7574-4A97-83EE-18E0B32889CC}.Debug|x86.Build.0 = Debug|Win32
		{080C3877-7574-4A97-83EE-18E0B32889CC}.Release|x64.ActiveCfg = Release|x64
		{080C3877-7574-4A97-83EE-18E0B32889CC}.Release|x64.Build.0 = Release|x64
		{080C3877-7574-4A97-83EE-18E0B32889CC}.Release|x86.ActiveCfg = Release|Win32
		{080C3877-7574-4A97-83EE-18E0B32889CC}.Release|x86.Build.0 = Release|Win32
		{87C0BBA9-F580-4261-A1B7-5E5E097C0497}.Debug|x64.ActiveCfg = Debug|x64
		{87C0BBA9-F580-4261-A1B7-5E5E097C0497}.Debug|x64.Build.0 = Debug|x64
		{87C0BBA9-F580-4261-A1B7-5E5E097C0497}.Debug|x86.ActiveCfg = Debug|Win32
		{87C0BBA9-F580-4261-A1B7-5E5E097C0497}.Debug|x86.Build.0 = Debug|Win32
		{87C0BBA9-F580-4261-A1B7-5E5E097C0497}.Release|x64.ActiveCfg = Release|x64
		{87C0BBA9-F580-4261-A1B7-5E5E097C0497}.Release|x64.Build.0 = Release|x64
		{87C0BBA9-F580-4261-A1B7-5E5E097C0497}.Release|x86.ActiveCfg = Release|Win32
		{87C0BBA9-F580-4261-A1B7-5E5E097C0497}.Release|x86.Build.0 = Release|Win32
		{C6DC45BC-C3C9-415F-BB13-7099220EE460}.Debug|x64.ActiveCfg = Debug|x64
		{C6DC45BC-C3C9-415F-BB13-7099220EE460}.Debug|x64.Build.0 = Debug|x64
		{C6DC45BC-C3C9-415F-BB13-7099220EE460}.Debug|x86.ActiveCfg = Debug|Win32
		{C6DC45BC-C3C9-415F-BB13-7099220EE460}.Debug|x86.Build.0 = Debug|Win32
		{C6DC45BC-C3C9-415F-BB13-7099220EE460}.Release|x64.ActiveCfg = Release|x64
		{C6DC45BC-C3C9-415F-BB13-7099220EE460}.Release|x64.Build.0 = Release|x64
		{C6DC45BC-C3C9-415F-BB13-7099220EE460}.Release|x86.ActiveCfg = Release|Win32
		{C6DC45BC-C3C9-415F-BB13-7099220EE460}.Release|x86.Build.0 = Release|Win32
		{0170DCC6-56E8-4154-B9D6-9AC51CACC59E}.Debug|x64.ActiveCfg = Debug|x64
		{0170DCC6-56E8-4154-B9D6-9AC51CACC59E}.Debug|x64.Build.0 = Debug|x64
		{0170DCC6-56E8-4154-B9D6-9AC51CACC59E}.Debug|x86.ActiveCfg = Debug|Win32
		{0170DCC6-56E8-4154-B9D6-9AC51CACC59E}.Debug|x86.Build.0 = Debug|Win32
		{0170DCC6-56E8-4154-B9D6-9AC51CACC59E}.Release|x64.ActiveCfg = Release|x64
		{0170DCC6-56E8-4154-B9D6-9AC51CACC59E}.Release|x64.Build.0 = Release|x64
		{0170DCC6-56E8-4154-B9D6-9AC51CACC59E}.Release|x86.ActiveCfg = Release|Win32
		{0170DCC6-56E8-4154-B9D6-9AC51CACC59E}.Release|x86.Build.0 = Release|Win32
	EndGlobalSection
	GlobalSection(SolutionProperties) = preSolution
		HideSolutionNode = FALSE
	EndGlobalSection
	GlobalSection(ExtensibilityGlobals) = postSolution
		SolutionGuid = {820BB0D9-C93A-44D7-8084-B6277EF52450}
	EndGlobalSection
EndGlobal
