<?xml version="1.0" encoding="utf-8"?>
<Project ToolsVersion="4.0" xmlns="http://schemas.microsoft.com/developer/msbuild/2003">
  <ItemGroup>
    <Filter Include="Core">
      <UniqueIdentifier>{7abec923-417b-4423-a614-317ec30bd28b}</UniqueIdentifier>
    </Filter>
    <Filter Include="Game Logik">
      <UniqueIdentifier>{c5610456-f887-44a6-b74b-0cde3372deec}</UniqueIdentifier>
    </Filter>
    <Filter Include="UnitTests">
      <UniqueIdentifier>{dd8d0b79-5ef1-4b45-b061-c692f6382bec}</UniqueIdentifier>
    </Filter>
    <Filter Include="UnitTests\Source Files">
      <UniqueIdentifier>{ee675ec4-a458-4ef0-bd8e-320eb65ad470}</UniqueIdentifier>
    </Filter>
    <Filter Include="UnitTests\Header Files">
      <UniqueIdentifier>{93995380-89BD-4b04-88EB-625FBE52EBFB}</UniqueIdentifier>
      <Extensions>h;hh;hpp;hxx;hm;inl;inc;ipp;xsd</Extensions>
    </Filter>
    <Filter Include="Core\Source Files">
      <UniqueIdentifier>{fe2a0e42-a16a-493c-8158-b9c66d86bb78}</UniqueIdentifier>
    </Filter>
    <Filter Include="Game Logik\Source Files">
      <UniqueIdentifier>{39a5604c-1ce8-4b23-a4ae-1a035b4c1360}</UniqueIdentifier>
    </Filter>
  </ItemGroup>
  <ItemGroup>
    <ClCompile Include="UnitTest Core.cpp">
      <Filter>UnitTests\Source Files</Filter>
    </ClCompile>
    <ClCompile Include="UnitTest Logik.cpp">
      <Filter>UnitTests\Source Files</Filter>
    </ClCompile>
    <ClCompile Include="pch.cpp">
      <Filter>UnitTests\Source Files</Filter>
    </ClCompile>
    <ClCompile Include="..\BG\Core\BGCoreColor.cpp">
      <Filter>Core\Source Files</Filter>
    </ClCompile>
    <ClCompile Include="..\BG\Core\BGCoreKind.cpp">
      <Filter>Core\Source Files</Filter>
    </ClCompile>
    <ClCompile Include="..\BG\Core\BGCoreMove.cpp">
      <Filter>Core\Source Files</Filter>
    </ClCompile>
    <ClCompile Include="..\BG\Core\BGCorePiece.cpp">
      <Filter>Core\Source Files</Filter>
    </ClCompile>
    <ClCompile Include="..\BG\Core\BGCorePlayer.cpp">
      <Filter>Core\Source Files</Filter>
    </ClCompile>
    <ClCompile Include="..\BG\Game Logik\LogikGame.cpp">
      <Filter>Game Logik\Source Files</Filter>
    </ClCompile>
    <ClCompile Include="..\BG\Core\BGCoreLayout.cpp">
      <Filter>Core\Source Files</Filter>
    </ClCompile>
    <ClCompile Include="..\BG\Util\ClipBoard.cpp">
      <Filter>Core\Source Files</Filter>
    </ClCompile>
    <ClCompile Include="..\BG\Core\BGCorePosition.cpp">
      <Filter>Core\Source Files</Filter>
    </ClCompile>
    <ClCompile Include="..\BG\Core\BGCoreAI.cpp">
      <Filter>Core\Source Files</Filter>
    </ClCompile>
    <ClCompile Include="..\BG\Core\BGCoreGame.cpp">
      <Filter>Core\Source Files</Filter>
    </ClCompile>
    <ClCompile Include="..\BG\Util\URL.cpp">
      <Filter>Core\Source Files</Filter>
    </ClCompile>
  </ItemGroup>
  <ItemGroup>
    <ClInclude Include="pch.h">
      <Filter>UnitTests\Header Files</Filter>
    </ClInclude>
  </ItemGroup>
</Project>