<?xml version="1.0" encoding="utf-8"?>
<Project ToolsVersion="4.0" xmlns="http://schemas.microsoft.com/developer/msbuild/2003">
  <ItemGroup>
    <Filter Include="BG">
      <UniqueIdentifier>{f9f8c861-cc19-49c6-a9e0-ecc374fb29df}</UniqueIdentifier>
    </Filter>
    <Filter Include="BG\Header Files">
      <UniqueIdentifier>{93995380-89BD-4b04-88EB-625FBE52EBFB}</UniqueIdentifier>
      <Extensions>h;hh;hpp;hxx;hm;inl;inc;ipp;xsd</Extensions>
    </Filter>
    <Filter Include="BG\Resource Files">
      <UniqueIdentifier>{67DA6AB6-F800-4c08-8B7A-83BB121AAD01}</UniqueIdentifier>
      <Extensions>rc;ico;cur;bmp;dlg;rc2;rct;bin;rgs;gif;jpg;jpeg;jpe;resx;tiff;tif;png;wav;mfcribbon-ms</Extensions>
    </Filter>
    <Filter Include="BG\Source Files">
      <UniqueIdentifier>{4FC737F1-C7A5-4376-A066-2A32D752A2FF}</UniqueIdentifier>
      <Extensions>cpp;c;cc;cxx;def;odl;idl;hpj;bat;asm;asmx</Extensions>
    </Filter>
    <Filter Include="Game LoA">
      <UniqueIdentifier>{8370b4ba-a5a3-4904-a405-5eddeff8e3a2}</UniqueIdentifier>
    </Filter>
    <Filter Include="Game LoA\Header Files">
      <UniqueIdentifier>{f4afc616-9b11-48aa-9a1e-1bac18af33de}</UniqueIdentifier>
    </Filter>
    <Filter Include="Game LoA\Source Files">
      <UniqueIdentifier>{d492b51d-3925-494c-932a-2a5b52045d9a}</UniqueIdentifier>
    </Filter>
    <Filter Include="Game LoA\Resource Files">
      <UniqueIdentifier>{e80825d4-c99e-44d3-a355-c080582baca3}</UniqueIdentifier>
    </Filter>
    <Filter Include="Game Logik">
      <UniqueIdentifier>{4add5905-ccb1-4bd4-8d15-e58107cab519}</UniqueIdentifier>
    </Filter>
    <Filter Include="Game Logik\Header Files">
      <UniqueIdentifier>{c4b99968-509d-4319-910c-462986f39db9}</UniqueIdentifier>
    </Filter>
    <Filter Include="Game Logik\Resource Files">
      <UniqueIdentifier>{c1fbb7be-2ac6-4161-b0e8-8c3c458eb02b}</UniqueIdentifier>
    </Filter>
    <Filter Include="Game Logik\Source Files">
      <UniqueIdentifier>{0b1f4278-cf9f-4869-9d3e-2623bbc52d41}</UniqueIdentifier>
    </Filter>
    <Filter Include="Game Massacre Chess">
      <UniqueIdentifier>{d7ff7ea7-3ea9-43e3-92fb-9428b0c113ab}</UniqueIdentifier>
    </Filter>
    <Filter Include="Game Massacre Chess\Header Files">
      <UniqueIdentifier>{80d0b229-ed17-46d5-940d-a3b238a114b4}</UniqueIdentifier>
    </Filter>
    <Filter Include="Game Massacre Chess\Resource Files">
      <UniqueIdentifier>{fc20b2ed-5370-402f-aa62-ac28f120bb6d}</UniqueIdentifier>
    </Filter>
    <Filter Include="Game Massacre Chess\Source Files">
      <UniqueIdentifier>{14208755-7d42-4ea0-8933-6d7124197681}</UniqueIdentifier>
    </Filter>
    <Filter Include="Core">
      <UniqueIdentifier>{89e76541-4d75-44f8-9536-c87b96216916}</UniqueIdentifier>
    </Filter>
    <Filter Include="Core\Header Files">
      <UniqueIdentifier>{6fe5e842-617e-4c09-aa79-622c0f84a8bf}</UniqueIdentifier>
    </Filter>
    <Filter Include="Core\Resource Files">
      <UniqueIdentifier>{6102be26-9970-41a5-8fdf-7852d4383092}</UniqueIdentifier>
    </Filter>
    <Filter Include="Core\Source Files">
      <UniqueIdentifier>{0298910f-1ce3-43b5-b0c1-e8601f04c8e6}</UniqueIdentifier>
    </Filter>
    <Filter Include="Game Template">
      <UniqueIdentifier>{8ceaa9a5-09fd-4506-885d-46ba4cea78cf}</UniqueIdentifier>
    </Filter>
    <Filter Include="Game Template\Header Files">
      <UniqueIdentifier>{d8d32550-7c0d-4b5e-a7c5-f28de35c4503}</UniqueIdentifier>
    </Filter>
    <Filter Include="Game Template\Source Files">
      <UniqueIdentifier>{dbdfb5bd-0d71-4258-a850-60784438ae42}</UniqueIdentifier>
    </Filter>
    <Filter Include="Game Template\Resource Files">
      <UniqueIdentifier>{8c3f4b9f-39f8-4b14-a220-dda96142aa16}</UniqueIdentifier>
    </Filter>
    <Filter Include="Game Cam">
      <UniqueIdentifier>{6c001b2a-0350-43fb-8912-fe147c2114df}</UniqueIdentifier>
    </Filter>
    <Filter Include="Game Cam\Header Files">
      <UniqueIdentifier>{06f62761-66a4-4139-968f-d98d771fed7c}</UniqueIdentifier>
    </Filter>
    <Filter Include="Game Cam\Source Files">
      <UniqueIdentifier>{d98688b1-1a25-4142-b1c6-ee818c7194f1}</UniqueIdentifier>
    </Filter>
    <Filter Include="Game Cam\Resource Files">
      <UniqueIdentifier>{8eae4e2f-74e9-45fd-9d62-9888290dca40}</UniqueIdentifier>
    </Filter>
    <Filter Include="Game Shogi">
      <UniqueIdentifier>{d693bc5a-45a3-4718-bd72-3cf778fe07d4}</UniqueIdentifier>
    </Filter>
    <Filter Include="Game Shogi\Source Files">
      <UniqueIdentifier>{0e3126b0-680b-4015-ba79-bbf9c85e1b8a}</UniqueIdentifier>
    </Filter>
    <Filter Include="Game Shogi\Header Files">
      <UniqueIdentifier>{c1169c16-962a-44fd-810e-700b8fc2167e}</UniqueIdentifier>
    </Filter>
    <Filter Include="Game Shogi\Respoure Files">
      <UniqueIdentifier>{187de855-d107-4093-ad30-77135d790904}</UniqueIdentifier>
    </Filter>
    <Filter Include="Game Hasami">
      <UniqueIdentifier>{0da20945-a69f-4676-b582-be304f846e91}</UniqueIdentifier>
    </Filter>
    <Filter Include="Game Hasami\Header Files">
      <UniqueIdentifier>{d091faac-5432-478e-b7bb-b3d57173c4f8}</UniqueIdentifier>
    </Filter>
    <Filter Include="Game Hasami\Source Files">
      <UniqueIdentifier>{21a77684-6ab0-49c9-b4b1-29580c174fe1}</UniqueIdentifier>
    </Filter>
    <Filter Include="Game Hasami\Resource Files">
      <UniqueIdentifier>{cf2a2446-b2ed-47c9-aafc-aa00ab6a2e00}</UniqueIdentifier>
    </Filter>
    <Filter Include="Game Test">
      <UniqueIdentifier>{68aa7a90-0cc6-47d2-b600-a33af379fbff}</UniqueIdentifier>
    </Filter>
    <Filter Include="Game Test\Header Files">
      <UniqueIdentifier>{21c94697-71c8-4d7b-b506-eb92a4dc5a31}</UniqueIdentifier>
    </Filter>
    <Filter Include="Game Test\Source Files">
      <UniqueIdentifier>{aaa3a4be-85f0-4a5a-8b38-13bf8bc9b529}</UniqueIdentifier>
    </Filter>
    <Filter Include="Game Test\Resource Files">
      <UniqueIdentifier>{0ba87687-926d-45c0-abc7-b188367baa9c}</UniqueIdentifier>
    </Filter>
    <Filter Include="Game TicTacToe">
      <UniqueIdentifier>{6607352b-5eee-4dde-b348-cb335097467e}</UniqueIdentifier>
    </Filter>
    <Filter Include="Game TicTacToe\Header Files">
      <UniqueIdentifier>{838990c0-c129-465d-8c73-8f07035a20e2}</UniqueIdentifier>
    </Filter>
    <Filter Include="Game TicTacToe\Source Files">
      <UniqueIdentifier>{62913613-f89a-4ea0-8e0c-ae9152f37795}</UniqueIdentifier>
    </Filter>
    <Filter Include="Game TicTacToe\Resource Files">
      <UniqueIdentifier>{34613837-7e7c-4fac-a364-29a54b0470dd}</UniqueIdentifier>
    </Filter>
    <Filter Include="Util">
      <UniqueIdentifier>{31574150-dded-47ae-becb-b1decfe19fae}</UniqueIdentifier>
    </Filter>
    <Filter Include="Util\Header Files">
      <UniqueIdentifier>{2a9a68e0-325b-4430-8730-0d251c6b94fe}</UniqueIdentifier>
    </Filter>
    <Filter Include="Util\Source Files">
      <UniqueIdentifier>{f4999c97-72db-4733-b3e8-f3937e2d6891}</UniqueIdentifier>
    </Filter>
    <Filter Include="Game Checkers">
      <UniqueIdentifier>{20d4971f-88e2-44e8-b296-81036dc3ec4a}</UniqueIdentifier>
    </Filter>
    <Filter Include="Game Checkers\Header Files">
      <UniqueIdentifier>{5fa8bf56-b836-42e3-88da-b05fdb663b3d}</UniqueIdentifier>
    </Filter>
    <Filter Include="Game Checkers\Resource Files">
      <UniqueIdentifier>{ca2cff44-218d-4f6e-95d5-60771c6f687b}</UniqueIdentifier>
    </Filter>
    <Filter Include="Game Checkers\Source Files">
      <UniqueIdentifier>{6a958c18-2aef-4981-9d35-8339ce32203b}</UniqueIdentifier>
    </Filter>
    <Filter Include="Game CFour">
      <UniqueIdentifier>{08d9ee87-905d-4beb-98bf-f716a7d5cd61}</UniqueIdentifier>
    </Filter>
    <Filter Include="Game CFour\Header Files">
      <UniqueIdentifier>{740b769a-2629-46c0-bafc-9ecd245db2a0}</UniqueIdentifier>
    </Filter>
    <Filter Include="Game CFour\Resource Files">
      <UniqueIdentifier>{3b65e25c-1414-44c2-9d00-e71567e4bc2c}</UniqueIdentifier>
    </Filter>
    <Filter Include="Game CFour\Source Files">
      <UniqueIdentifier>{ee3bf2c3-c806-4cc6-be53-70224ffb31c5}</UniqueIdentifier>
    </Filter>
    <Filter Include="Game Ataxx">
      <UniqueIdentifier>{15fd4ace-2a22-4196-b923-5b8064ae2ec7}</UniqueIdentifier>
    </Filter>
    <Filter Include="Game Ataxx\Header Files">
      <UniqueIdentifier>{17a94995-aae1-4da2-8a25-5d559d3cf807}</UniqueIdentifier>
    </Filter>
    <Filter Include="Game Ataxx\Resource Files">
      <UniqueIdentifier>{737a6abf-5b2e-4a76-bb23-aaf4ada55a45}</UniqueIdentifier>
    </Filter>
    <Filter Include="Game Ataxx\Source Files">
      <UniqueIdentifier>{e2fd3c4a-81e5-4247-977b-8da762715d0f}</UniqueIdentifier>
    </Filter>
    <Filter Include="Game Knight Fight">
      <UniqueIdentifier>{e39b09ed-c11b-4c76-89b0-c5864d3495dd}</UniqueIdentifier>
    </Filter>
    <Filter Include="Game Cheversi">
      <UniqueIdentifier>{dff8d498-c1fc-4122-bdf4-d588d1b8cef2}</UniqueIdentifier>
    </Filter>
    <Filter Include="Game Cheversi\Source Files">
      <UniqueIdentifier>{7b12f54e-3611-4fcb-aa4d-94ea075f8999}</UniqueIdentifier>
    </Filter>
    <Filter Include="Game Knight Fight\Source Files">
      <UniqueIdentifier>{eec1aaf8-b25b-4708-b676-9bb5ee3098e7}</UniqueIdentifier>
    </Filter>
    <Filter Include="Game Cheversi\Header Files">
      <UniqueIdentifier>{88aa0a19-f6fb-4016-bc74-fbf4dfa90ab1}</UniqueIdentifier>
    </Filter>
    <Filter Include="Game Knight Fight\Header Files">
      <UniqueIdentifier>{99086aa2-a66b-4caf-a8c8-a5dd20109b14}</UniqueIdentifier>
    </Filter>
    <Filter Include="Game Cheversi\Resource Files">
      <UniqueIdentifier>{7312a631-8507-4f11-99db-7f032e53ef1f}</UniqueIdentifier>
    </Filter>
    <Filter Include="Game Knight Fight\Resource Files">
      <UniqueIdentifier>{85d45058-6690-4790-bd45-445e6b95cbdb}</UniqueIdentifier>
    </Filter>
    <Filter Include="Game Tank Battle">
      <UniqueIdentifier>{f1004ef3-0c6b-4f29-a1ba-fbda3da254bb}</UniqueIdentifier>
    </Filter>
    <Filter Include="Game Tank Battle\Source Files">
      <UniqueIdentifier>{62541c26-f175-4aa8-9730-84aae9de2f05}</UniqueIdentifier>
    </Filter>
    <Filter Include="Game Tank Battle\Header Files">
      <UniqueIdentifier>{e825853e-5e80-46fb-84eb-d32bb73a0411}</UniqueIdentifier>
    </Filter>
    <Filter Include="Game Tank Battle\Resource Files">
      <UniqueIdentifier>{a908f33e-08dd-4019-8d49-df6ecf56084e}</UniqueIdentifier>
    </Filter>
    <Filter Include="Game Espionage">
      <UniqueIdentifier>{c4de1ccb-2a9b-4670-9015-b44f57ac0d5c}</UniqueIdentifier>
    </Filter>
    <Filter Include="Game Espionage\Source Files">
      <UniqueIdentifier>{ce13bfc8-7436-4748-872f-38ea48c10e8a}</UniqueIdentifier>
    </Filter>
    <Filter Include="Game Espionage\Resource Files">
      <UniqueIdentifier>{d475dfec-7054-4268-93b9-151ef66c9961}</UniqueIdentifier>
    </Filter>
    <Filter Include="Game Espionage\Header Files">
      <UniqueIdentifier>{7f39928f-441d-47ae-ac48-b725d84ced47}</UniqueIdentifier>
    </Filter>
  </ItemGroup>
  <ItemGroup>
    <ClInclude Include="BG.h">
      <Filter>BG\Header Files</Filter>
    </ClInclude>
    <ClInclude Include="targetver.h">
      <Filter>BG\Header Files</Filter>
    </ClInclude>
    <ClInclude Include="MainFrm.h">
      <Filter>BG\Header Files</Filter>
    </ClInclude>
    <ClInclude Include="ChildFrm.h">
      <Filter>BG\Header Files</Filter>
    </ClInclude>
    <ClInclude Include="BGDoc.h">
      <Filter>BG\Header Files</Filter>
    </ClInclude>
    <ClInclude Include="BGView.h">
      <Filter>BG\Header Files</Filter>
    </ClInclude>
    <ClInclude Include="Game LoA\LoAGame.h">
      <Filter>Game LoA\Header Files</Filter>
    </ClInclude>
    <ClInclude Include="Game Logik\LogikGame.h">
      <Filter>Game Logik\Header Files</Filter>
    </ClInclude>
    <ClInclude Include="Game Massacre Chess\MCGame.h">
      <Filter>Game Massacre Chess\Header Files</Filter>
    </ClInclude>
    <ClInclude Include="BGResource.h">
      <Filter>BG\Header Files</Filter>
    </ClInclude>
    <ClInclude Include="Game LoA\LoAResource.h">
      <Filter>Game LoA\Header Files</Filter>
    </ClInclude>
    <ClInclude Include="Game Logik\LogikResource.h">
      <Filter>Game Logik\Header Files</Filter>
    </ClInclude>
    <ClInclude Include="Game Massacre Chess\MCResource.h">
      <Filter>Game Massacre Chess\Header Files</Filter>
    </ClInclude>
    <ClInclude Include="Game Template\TemplateGame.h">
      <Filter>Game Template\Header Files</Filter>
    </ClInclude>
    <ClInclude Include="Game Template\TemplateResource.h">
      <Filter>Game Template\Header Files</Filter>
    </ClInclude>
    <ClInclude Include="Game Cam\CamGame.h">
      <Filter>Game Cam\Header Files</Filter>
    </ClInclude>
    <ClInclude Include="Game Cam\CamResource.h">
      <Filter>Game Cam\Header Files</Filter>
    </ClInclude>
    <ClInclude Include="Game Shogi\ShogiGame.h">
      <Filter>Game Shogi\Header Files</Filter>
    </ClInclude>
    <ClInclude Include="Game Shogi\ShogiResource.h">
      <Filter>Game Shogi\Header Files</Filter>
    </ClInclude>
    <ClInclude Include="Core\BGCoreResource.h">
      <Filter>Core\Header Files</Filter>
    </ClInclude>
    <ClInclude Include="Core\BGCoreLayout.h">
      <Filter>Core\Header Files</Filter>
    </ClInclude>
    <ClInclude Include="Core\BGChessPieces.h">
      <Filter>Core\Header Files</Filter>
    </ClInclude>
    <ClInclude Include="Game Hasami\HasamiGame.h">
      <Filter>Game Hasami\Header Files</Filter>
    </ClInclude>
    <ClInclude Include="Game Hasami\HasamiResource.h">
      <Filter>Game Hasami\Header Files</Filter>
    </ClInclude>
    <ClInclude Include="Game Test\TestGame.h">
      <Filter>Game Test\Header Files</Filter>
    </ClInclude>
    <ClInclude Include="Game Test\TestResource.h">
      <Filter>Game Test\Header Files</Filter>
    </ClInclude>
    <ClInclude Include="Game TicTacToe\TicTacToeGame.h">
      <Filter>Game TicTacToe\Header Files</Filter>
    </ClInclude>
    <ClInclude Include="Game TicTacToe\TicTacToeResource.h">
      <Filter>Game TicTacToe\Header Files</Filter>
    </ClInclude>
    <ClInclude Include="Util\Util.h">
      <Filter>Util\Header Files</Filter>
    </ClInclude>
    <ClInclude Include="BGSelect.h">
      <Filter>BG\Header Files</Filter>
    </ClInclude>
    <ClInclude Include="Game Checkers\CheckersGame.h">
      <Filter>Game Checkers\Header Files</Filter>
    </ClInclude>
    <ClInclude Include="Game Checkers\CheckersResource.h">
      <Filter>Game Checkers\Header Files</Filter>
    </ClInclude>
    <ClInclude Include="Core\BGCoreOffset.h">
      <Filter>Core\Header Files</Filter>
    </ClInclude>
    <ClInclude Include="Core\BGCoreLocation.h">
      <Filter>Core\Header Files</Filter>
    </ClInclude>
    <ClInclude Include="Core\BGCoreField.h">
      <Filter>Core\Header Files</Filter>
    </ClInclude>
    <ClInclude Include="Core\BGCorePValue.h">
      <Filter>Core\Header Files</Filter>
    </ClInclude>
    <ClInclude Include="Core\BGCoreMove.h">
      <Filter>Core\Header Files</Filter>
    </ClInclude>
    <ClInclude Include="Core\BGCoreColor.h">
      <Filter>Core\Header Files</Filter>
    </ClInclude>
    <ClInclude Include="Core\BGCorePiece.h">
      <Filter>Core\Header Files</Filter>
    </ClInclude>
    <ClInclude Include="Core\BGCoreKind.h">
      <Filter>Core\Header Files</Filter>
    </ClInclude>
    <ClInclude Include="Core\BGCorePlayer.h">
      <Filter>Core\Header Files</Filter>
    </ClInclude>
    <ClInclude Include="Core\BGCorePosition.h">
      <Filter>Core\Header Files</Filter>
    </ClInclude>
    <ClInclude Include="Core\BGCoreUI.h">
      <Filter>Core\Header Files</Filter>
    </ClInclude>
    <ClInclude Include="Core\BGCoreVariant.h">
      <Filter>Core\Header Files</Filter>
    </ClInclude>
    <ClInclude Include="Core\BGCoreGame.h">
      <Filter>Core\Header Files</Filter>
    </ClInclude>
    <ClInclude Include="Core\BGCoreAction.h">
      <Filter>Core\Header Files</Filter>
    </ClInclude>
    <ClInclude Include="pch.h">
      <Filter>BG\Header Files</Filter>
    </ClInclude>
    <ClInclude Include="Game CFour\CFourGame.h">
      <Filter>Game CFour\Header Files</Filter>
    </ClInclude>
    <ClInclude Include="Game CFour\CFourResource.h">
      <Filter>Game CFour\Header Files</Filter>
    </ClInclude>
    <ClInclude Include="Game Ataxx\AtaxxGame.h">
      <Filter>Game Ataxx\Header Files</Filter>
    </ClInclude>
    <ClInclude Include="Game Ataxx\AtaxxResource.h">
      <Filter>Game Ataxx\Header Files</Filter>
    </ClInclude>
    <ClInclude Include="Game Knight Fight\KnightFGame.h">
      <Filter>Game Knight Fight\Header Files</Filter>
    </ClInclude>
    <ClInclude Include="Game Knight Fight\KnightFResource.h">
      <Filter>Game Knight Fight\Header Files</Filter>
    </ClInclude>
    <ClInclude Include="Game Cheversi\CheversiGame.h">
      <Filter>Game Cheversi\Header Files</Filter>
    </ClInclude>
    <ClInclude Include="Game Cheversi\CheversiResource.h">
      <Filter>Game Cheversi\Header Files</Filter>
    </ClInclude>
    <ClInclude Include="Game Tank Battle\TankBGame.h">
      <Filter>Game Tank Battle\Header Files</Filter>
    </ClInclude>
    <ClInclude Include="Game Tank Battle\TankBResource.h">
      <Filter>Game Tank Battle\Header Files</Filter>
    </ClInclude>
    <ClInclude Include="Game Espionage\EspionageGame.h">
      <Filter>Game Espionage\Header Files</Filter>
    </ClInclude>
    <ClInclude Include="Game Espionage\EspionageResource.h">
      <Filter>Game Espionage\Header Files</Filter>
    </ClInclude>
  </ItemGroup>
  <ItemGroup>
    <ClCompile Include="BG.cpp">
      <Filter>BG\Source Files</Filter>
    </ClCompile>
    <ClCompile Include="MainFrm.cpp">
      <Filter>BG\Source Files</Filter>
    </ClCompile>
    <ClCompile Include="ChildFrm.cpp">
      <Filter>BG\Source Files</Filter>
    </ClCompile>
    <ClCompile Include="BGDoc.cpp">
      <Filter>BG\Source Files</Filter>
    </ClCompile>
    <ClCompile Include="BGView.cpp">
      <Filter>BG\Source Files</Filter>
    </ClCompile>
    <ClCompile Include="Game LoA\LoAGame.cpp">
      <Filter>Game LoA\Source Files</Filter>
    </ClCompile>
    <ClCompile Include="Game Logik\LogikGame.cpp">
      <Filter>Game Logik\Source Files</Filter>
    </ClCompile>
    <ClCompile Include="Game Massacre Chess\MCGame.cpp">
      <Filter>Game Massacre Chess\Source Files</Filter>
    </ClCompile>
    <ClCompile Include="Game Template\TemplateGame.cpp">
      <Filter>Game Template\Source Files</Filter>
    </ClCompile>
    <ClCompile Include="Game Cam\CamGame.cpp">
      <Filter>Game Cam\Source Files</Filter>
    </ClCompile>
    <ClCompile Include="Game Shogi\ShogiGame.cpp">
      <Filter>Game Shogi\Source Files</Filter>
    </ClCompile>
    <ClCompile Include="Core\BGCoreLayout.cpp">
      <Filter>Core\Source Files</Filter>
    </ClCompile>
    <ClCompile Include="Core\BGCoreAI.cpp">
      <Filter>Core\Source Files</Filter>
    </ClCompile>
    <ClCompile Include="Core\BGChessPieces.cpp">
      <Filter>Core\Source Files</Filter>
    </ClCompile>
    <ClCompile Include="Game Hasami\HasamiGame.cpp">
      <Filter>Game Hasami\Source Files</Filter>
    </ClCompile>
    <ClCompile Include="Game Test\TestGame.cpp">
      <Filter>Game Test\Source Files</Filter>
    </ClCompile>
    <ClCompile Include="Game TicTacToe\TicTacToeGame.cpp">
      <Filter>Game TicTacToe\Source Files</Filter>
    </ClCompile>
    <ClCompile Include="BGSelect.cpp">
      <Filter>BG\Source Files</Filter>
    </ClCompile>
    <ClCompile Include="BGGames.cpp">
      <Filter>BG\Source Files</Filter>
    </ClCompile>
    <ClCompile Include="Util\URL.cpp">
      <Filter>Util\Source Files</Filter>
    </ClCompile>
    <ClCompile Include="Util\ClipBoard.cpp">
      <Filter>Util\Source Files</Filter>
    </ClCompile>
    <ClCompile Include="Game Checkers\CheckersGame.cpp">
      <Filter>Game Checkers\Source Files</Filter>
    </ClCompile>
    <ClCompile Include="Core\BGCoreColor.cpp">
      <Filter>Core\Source Files</Filter>
    </ClCompile>
    <ClCompile Include="Core\BGCoreKind.cpp">
      <Filter>Core\Source Files</Filter>
    </ClCompile>
    <ClCompile Include="Core\BGCoreOffset.cpp">
      <Filter>Core\Source Files</Filter>
    </ClCompile>
    <ClCompile Include="Core\BGCorePiece.cpp">
      <Filter>Core\Source Files</Filter>
    </ClCompile>
    <ClCompile Include="Core\BGCorePlayer.cpp">
      <Filter>Core\Source Files</Filter>
    </ClCompile>
    <ClCompile Include="Core\BGCorePosition.cpp">
      <Filter>Core\Source Files</Filter>
    </ClCompile>
    <ClCompile Include="Core\BGCoreGame.cpp">
      <Filter>Core\Source Files</Filter>
    </ClCompile>
    <ClCompile Include="Core\BGCoreAction.cpp">
      <Filter>Core\Source Files</Filter>
    </ClCompile>
    <ClCompile Include="pch.cpp">
      <Filter>BG\Source Files</Filter>
    </ClCompile>
    <ClCompile Include="Game CFour\CFourGame.cpp">
      <Filter>Game CFour\Source Files</Filter>
    </ClCompile>
    <ClCompile Include="Game Ataxx\AtaxxGame.cpp">
      <Filter>Game Ataxx\Source Files</Filter>
    </ClCompile>
    <ClCompile Include="Game Knight Fight\KnightFGame.cpp">
      <Filter>Game Knight Fight\Source Files</Filter>
    </ClCompile>
    <ClCompile Include="Game Cheversi\CheversiGame.cpp">
      <Filter>Game Cheversi\Source Files</Filter>
    </ClCompile>
    <ClCompile Include="Game Tank Battle\TankBGame.cpp">
      <Filter>Game Tank Battle\Source Files</Filter>
    </ClCompile>
    <ClCompile Include="Game Espionage\EspionageGame.cpp">
      <Filter>Game Espionage\Source Files</Filter>
    </ClCompile>
  </ItemGroup>
  <ItemGroup>
    <None Include="res\BG.rc2">
      <Filter>BG\Resource Files</Filter>
    </None>
    <None Include="BG.reg">
      <Filter>BG\Resource Files</Filter>
    </None>
    <None Include="Game LoA\LoA.rc2">
      <Filter>Game LoA\Resource Files</Filter>
    </None>
    <None Include="Core\Core.rc2">
      <Filter>Core\Resource Files</Filter>
    </None>
    <None Include="Game Logik\Logik.rc2">
      <Filter>Game Logik\Resource Files</Filter>
    </None>
    <None Include="Game Massacre Chess\Massacre Chess.rc2">
      <Filter>Game Massacre Chess\Resource Files</Filter>
    </None>
    <None Include="Game Template\Template.rc2">
      <Filter>Game Template\Resource Files</Filter>
    </None>
    <None Include="Game Cam\Cam.rc2">
      <Filter>Game Cam\Resource Files</Filter>
    </None>
    <None Include="Game Shogi\Shogi.rc2">
      <Filter>Game Shogi\Respoure Files</Filter>
    </None>
    <None Include="Game Hasami\Hasami.rc2">
      <Filter>Game Hasami\Resource Files</Filter>
    </None>
    <None Include="Game Test\Test.rc2">
      <Filter>Game Test\Resource Files</Filter>
    </None>
    <None Include="Game TicTacToe\TicTacToe.rc2">
      <Filter>Game TicTacToe\Resource Files</Filter>
    </None>
    <None Include="Game Checkers\Checkers.rc2">
      <Filter>Game Checkers\Resource Files</Filter>
    </None>
    <None Include="Game CFour\CFour.rc2">
      <Filter>Game CFour\Resource Files</Filter>
    </None>
    <None Include="Game Ataxx\Ataxx.rc2">
      <Filter>Game Ataxx\Resource Files</Filter>
    </None>
    <None Include="Game Knight Fight\KnightF.rc2">
      <Filter>Game Knight Fight\Resource Files</Filter>
    </None>
    <None Include="Game Cheversi\Cheversi.rc2">
      <Filter>Game Cheversi\Resource Files</Filter>
    </None>
    <None Include="Game Tank Battle\TankB.rc2">
      <Filter>Game Tank Battle\Resource Files</Filter>
    </None>
    <None Include="Game Espionage\Espionage.rc2">
      <Filter>Game Espionage\Resource Files</Filter>
    </None>
  </ItemGroup>
  <ItemGroup>
    <ResourceCompile Include="BG.rc">
      <Filter>BG\Resource Files</Filter>
    </ResourceCompile>
  </ItemGroup>
  <ItemGroup>
    <Image Include="res\userimages.bmp">
      <Filter>BG\Resource Files</Filter>
    </Image>
    <Image Include="res\BGDoc.ico">
      <Filter>BG\Resource Files</Filter>
    </Image>
    <Image Include="res\BG.ico">
      <Filter>BG\Resource Files</Filter>
    </Image>
    <Image Include="res\Toolbar.bmp">
      <Filter>BG\Resource Files</Filter>
    </Image>
    <Image Include="res\Toolbar256.bmp">
      <Filter>BG\Resource Files</Filter>
    </Image>
    <Image Include="Core\res\bbl.bmp">
      <Filter>Core\Resource Files</Filter>
    </Image>
    <Image Include="Core\res\bbs.bmp">
      <Filter>Core\Resource Files</Filter>
    </Image>
    <Image Include="Core\res\bkl.bmp">
      <Filter>Core\Resource Files</Filter>
    </Image>
    <Image Include="Core\res\bks.bmp">
      <Filter>Core\Resource Files</Filter>
    </Image>
    <Image Include="Core\res\bnl.bmp">
      <Filter>Core\Resource Files</Filter>
    </Image>
    <Image Include="Core\res\bns.bmp">
      <Filter>Core\Resource Files</Filter>
    </Image>
    <Image Include="Core\res\bpl.bmp">
      <Filter>Core\Resource Files</Filter>
    </Image>
    <Image Include="Core\res\bps.bmp">
      <Filter>Core\Resource Files</Filter>
    </Image>
    <Image Include="Core\res\bql.bmp">
      <Filter>Core\Resource Files</Filter>
    </Image>
    <Image Include="Core\res\bqs.bmp">
      <Filter>Core\Resource Files</Filter>
    </Image>
    <Image Include="Core\res\brl.bmp">
      <Filter>Core\Resource Files</Filter>
    </Image>
    <Image Include="Core\res\brs.bmp">
      <Filter>Core\Resource Files</Filter>
    </Image>
    <Image Include="Core\res\wbl.bmp">
      <Filter>Core\Resource Files</Filter>
    </Image>
    <Image Include="Core\res\wbs.bmp">
      <Filter>Core\Resource Files</Filter>
    </Image>
    <Image Include="Core\res\wkl.bmp">
      <Filter>Core\Resource Files</Filter>
    </Image>
    <Image Include="Core\res\wks.bmp">
      <Filter>Core\Resource Files</Filter>
    </Image>
    <Image Include="Core\res\wnl.bmp">
      <Filter>Core\Resource Files</Filter>
    </Image>
    <Image Include="Core\res\wns.bmp">
      <Filter>Core\Resource Files</Filter>
    </Image>
    <Image Include="Core\res\wpl.bmp">
      <Filter>Core\Resource Files</Filter>
    </Image>
    <Image Include="Core\res\wps.bmp">
      <Filter>Core\Resource Files</Filter>
    </Image>
    <Image Include="Core\res\wql.bmp">
      <Filter>Core\Resource Files</Filter>
    </Image>
    <Image Include="Core\res\wqs.bmp">
      <Filter>Core\Resource Files</Filter>
    </Image>
    <Image Include="Core\res\wrl.bmp">
      <Filter>Core\Resource Files</Filter>
    </Image>
    <Image Include="Core\res\wrs.bmp">
      <Filter>Core\Resource Files</Filter>
    </Image>
    <Image Include="Core\res\xxd.bmp">
      <Filter>Core\Resource Files</Filter>
    </Image>
    <Image Include="Core\res\xxl.bmp">
      <Filter>Core\Resource Files</Filter>
    </Image>
    <Image Include="Game Logik\res\LogikDoc.ico">
      <Filter>Game Logik\Resource Files</Filter>
    </Image>
    <Image Include="Game Logik\res\LogikPegB.bmp">
      <Filter>Game Logik\Resource Files</Filter>
    </Image>
    <Image Include="Game Logik\res\LogikPegBf.bmp">
      <Filter>Game Logik\Resource Files</Filter>
    </Image>
    <Image Include="Game Logik\res\LogikPegW.bmp">
      <Filter>Game Logik\Resource Files</Filter>
    </Image>
    <Image Include="Game Logik\res\LogikPegWf.bmp">
      <Filter>Game Logik\Resource Files</Filter>
    </Image>
    <Image Include="Game Massacre Chess\res\Massacre ChessDoc.ico">
      <Filter>Game Massacre Chess\Resource Files</Filter>
    </Image>
    <Image Include="Game Logik\res\LogikPeg1.bmp">
      <Filter>Game Logik\Resource Files</Filter>
    </Image>
    <Image Include="Game Logik\res\LogikPeg1f.bmp">
      <Filter>Game Logik\Resource Files</Filter>
    </Image>
    <Image Include="Game Logik\res\LogikPeg2.bmp">
      <Filter>Game Logik\Resource Files</Filter>
    </Image>
    <Image Include="Game Logik\res\LogikPeg2f.bmp">
      <Filter>Game Logik\Resource Files</Filter>
    </Image>
    <Image Include="Game Logik\res\LogikPeg3.bmp">
      <Filter>Game Logik\Resource Files</Filter>
    </Image>
    <Image Include="Game Logik\res\LogikPeg3f.bmp">
      <Filter>Game Logik\Resource Files</Filter>
    </Image>
    <Image Include="Game Logik\res\LogikPeg4.bmp">
      <Filter>Game Logik\Resource Files</Filter>
    </Image>
    <Image Include="Game Logik\res\LogikPeg4f.bmp">
      <Filter>Game Logik\Resource Files</Filter>
    </Image>
    <Image Include="Game Logik\res\LogikPeg5.bmp">
      <Filter>Game Logik\Resource Files</Filter>
    </Image>
    <Image Include="Game Logik\res\LogikPeg5f.bmp">
      <Filter>Game Logik\Resource Files</Filter>
    </Image>
    <Image Include="Game Logik\res\LogikPeg6.bmp">
      <Filter>Game Logik\Resource Files</Filter>
    </Image>
    <Image Include="Game Logik\res\LogikPeg6f.bmp">
      <Filter>Game Logik\Resource Files</Filter>
    </Image>
    <Image Include="Game Logik\res\LogikPeg7.bmp">
      <Filter>Game Logik\Resource Files</Filter>
    </Image>
    <Image Include="Game Logik\res\LogikPeg7f.bmp">
      <Filter>Game Logik\Resource Files</Filter>
    </Image>
    <Image Include="Game Logik\res\LogikPeg8.bmp">
      <Filter>Game Logik\Resource Files</Filter>
    </Image>
    <Image Include="Game Logik\res\LogikPeg8f.bmp">
      <Filter>Game Logik\Resource Files</Filter>
    </Image>
    <Image Include="Game LoA\res\LoADoc.ico">
      <Filter>Game LoA\Resource Files</Filter>
    </Image>
    <Image Include="Game Template\res\TemplateDoc.ico">
      <Filter>Game Template\Resource Files</Filter>
    </Image>
    <Image Include="Game Cam\res\CamelotDoc.ico">
      <Filter>Game Cam\Resource Files</Filter>
    </Image>
    <Image Include="Game Shogi\res\FullShogiDoc.ico">
      <Filter>Game Shogi\Respoure Files</Filter>
    </Image>
    <Image Include="Game Shogi\res\MiniShogiDoc.ico">
      <Filter>Game Shogi\Respoure Files</Filter>
    </Image>
    <Image Include="Game Cam\res\CamDoc.ico">
      <Filter>Game Cam\Resource Files</Filter>
    </Image>
    <Image Include="Game Hasami\res\HasamiDoc.ico">
      <Filter>Game Hasami\Resource Files</Filter>
    </Image>
    <Image Include="Game Hasami\res\HasamiB.bmp">
      <Filter>Game Hasami\Resource Files</Filter>
    </Image>
    <Image Include="Game Hasami\res\HasamiBs.bmp">
      <Filter>Game Hasami\Resource Files</Filter>
    </Image>
    <Image Include="Game Hasami\res\HasamiW.bmp">
      <Filter>Game Hasami\Resource Files</Filter>
    </Image>
    <Image Include="Game Hasami\res\HasamiWs.bmp">
      <Filter>Game Hasami\Resource Files</Filter>
    </Image>
    <Image Include="Game Test\res\TestDoc.ico">
      <Filter>Game Test\Resource Files</Filter>
    </Image>
    <Image Include="Game TicTacToe\res\TicTacToeDoc.ico">
      <Filter>Game TicTacToe\Resource Files</Filter>
    </Image>
    <Image Include="Game Checkers\res\CheckersDoc.ico">
      <Filter>Game Checkers\Resource Files</Filter>
    </Image>
    <Image Include="Core\res\CheckerBL.bmp">
      <Filter>Core\Resource Files</Filter>
    </Image>
    <Image Include="Core\res\CheckerBS.bmp">
      <Filter>Core\Resource Files</Filter>
    </Image>
    <Image Include="Core\res\CheckerWL.bmp">
      <Filter>Core\Resource Files</Filter>
    </Image>
    <Image Include="Core\res\CheckerWS.bmp">
      <Filter>Core\Resource Files</Filter>
    </Image>
    <Image Include="Game CFour\res\CFourDoc.ico">
      <Filter>Game CFour\Resource Files</Filter>
    </Image>
    <Image Include="Game Ataxx\res\AtaxxDoc.ico">
      <Filter>Game Ataxx\Resource Files</Filter>
    </Image>
    <Image Include="Game Knight Fight\res\KnightFDoc.ico">
      <Filter>Game Knight Fight\Resource Files</Filter>
    </Image>
    <Image Include="Game Cheversi\res\CheversiDoc.ico">
      <Filter>Game Cheversi\Resource Files</Filter>
    </Image>
    <Image Include="Game Tank Battle\res\TankBDoc.ico">
      <Filter>Game Tank Battle\Resource Files</Filter>
    </Image>
    <Image Include="Core\res\xxs.bmp">
      <Filter>Core\Resource Files</Filter>
    </Image>
    <Image Include="Game Tank Battle\res\CTankB.bmp">
      <Filter>Game Tank Battle\Resource Files</Filter>
    </Image>
    <Image Include="Game Tank Battle\res\CTankW.bmp">
      <Filter>Game Tank Battle\Resource Files</Filter>
    </Image>
    <Image Include="Game Tank Battle\res\NTankB.bmp">
      <Filter>Game Tank Battle\Resource Files</Filter>
    </Image>
    <Image Include="Game Tank Battle\res\NTankW.bmp">
      <Filter>Game Tank Battle\Resource Files</Filter>
    </Image>
    <Image Include="Game Tank Battle\res\xxb.bmp">
      <Filter>Game Tank Battle\Resource Files</Filter>
    </Image>
    <Image Include="Game Tank Battle\res\xxg.bmp">
      <Filter>Game Tank Battle\Resource Files</Filter>
    </Image>
    <Image Include="Game Tank Battle\res\xxr.bmp">
      <Filter>Game Tank Battle\Resource Files</Filter>
    </Image>
    <Image Include="Game Tank Battle\res\Wall.bmp">
      <Filter>Game Tank Battle\Resource Files</Filter>
    </Image>
    <Image Include="Game Espionage\res\EspionageDoc.ico">
      <Filter>Game Espionage\Resource Files</Filter>
    </Image>
    <Image Include="Game Espionage\res\EspionageBHeadquarter.bmp">
      <Filter>Game Espionage\Resource Files</Filter>
    </Image>
    <Image Include="Game Espionage\res\EspionageBMine.bmp">
      <Filter>Game Espionage\Resource Files</Filter>
    </Image>
    <Image Include="Game Espionage\res\EspionageBSapper.bmp">
      <Filter>Game Espionage\Resource Files</Filter>
    </Image>
    <Image Include="Game Espionage\res\EspionageBSoldier1.bmp">
      <Filter>Game Espionage\Resource Files</Filter>
    </Image>
    <Image Include="Game Espionage\res\EspionageBSoldier2.bmp">
      <Filter>Game Espionage\Resource Files</Filter>
    </Image>
    <Image Include="Game Espionage\res\EspionageBSoldier3.bmp">
      <Filter>Game Espionage\Resource Files</Filter>
    </Image>
    <Image Include="Game Espionage\res\EspionageBSoldier4.bmp">
      <Filter>Game Espionage\Resource Files</Filter>
    </Image>
    <Image Include="Game Espionage\res\EspionageBSoldier5.bmp">
      <Filter>Game Espionage\Resource Files</Filter>
    </Image>
    <Image Include="Game Espionage\res\EspionageBSpy.bmp">
      <Filter>Game Espionage\Resource Files</Filter>
    </Image>
    <Image Include="Game Espionage\res\EspionageWHeadquarter.bmp">
      <Filter>Game Espionage\Resource Files</Filter>
    </Image>
    <Image Include="Game Espionage\res\EspionageWMine.bmp">
      <Filter>Game Espionage\Resource Files</Filter>
    </Image>
    <Image Include="Game Espionage\res\EspionageWSapper.bmp">
      <Filter>Game Espionage\Resource Files</Filter>
    </Image>
    <Image Include="Game Espionage\res\EspionageWSoldier1.bmp">
      <Filter>Game Espionage\Resource Files</Filter>
    </Image>
    <Image Include="Game Espionage\res\EspionageWSoldier2.bmp">
      <Filter>Game Espionage\Resource Files</Filter>
    </Image>
    <Image Include="Game Espionage\res\EspionageWSoldier3.bmp">
      <Filter>Game Espionage\Resource Files</Filter>
    </Image>
    <Image Include="Game Espionage\res\EspionageWSoldier4.bmp">
      <Filter>Game Espionage\Resource Files</Filter>
    </Image>
    <Image Include="Game Espionage\res\EspionageWSoldier5.bmp">
      <Filter>Game Espionage\Resource Files</Filter>
    </Image>
    <Image Include="Game Espionage\res\EspionageWSpy.bmp">
      <Filter>Game Espionage\Resource Files</Filter>
    </Image>
    <Image Include="Game Shogi\res\Shogi_BB_L.bmp">
      <Filter>Game Shogi\Respoure Files</Filter>
    </Image>
    <Image Include="Game Shogi\res\Shogi_BB_S.bmp">
      <Filter>Game Shogi\Respoure Files</Filter>
    </Image>
    <Image Include="Game Shogi\res\Shogi_BBP_L.bmp">
      <Filter>Game Shogi\Respoure Files</Filter>
    </Image>
    <Image Include="Game Shogi\res\Shogi_BG_L.bmp">
      <Filter>Game Shogi\Respoure Files</Filter>
    </Image>
    <Image Include="Game Shogi\res\Shogi_BG_S.bmp">
      <Filter>Game Shogi\Respoure Files</Filter>
    </Image>
    <Image Include="Game Shogi\res\Shogi_BK_L.bmp">
      <Filter>Game Shogi\Respoure Files</Filter>
    </Image>
    <Image Include="Game Shogi\res\Shogi_BK_S.bmp">
      <Filter>Game Shogi\Respoure Files</Filter>
    </Image>
    <Image Include="Game Shogi\res\Shogi_BL_L.bmp">
      <Filter>Game Shogi\Respoure Files</Filter>
    </Image>
    <Image Include="Game Shogi\res\Shogi_BL_S.bmp">
      <Filter>Game Shogi\Respoure Files</Filter>
    </Image>
    <Image Include="Game Shogi\res\Shogi_BLP_L.bmp">
      <Filter>Game Shogi\Respoure Files</Filter>
    </Image>
    <Image Include="Game Shogi\res\Shogi_BN_L.bmp">
      <Filter>Game Shogi\Respoure Files</Filter>
    </Image>
    <Image Include="Game Shogi\res\Shogi_BN_S.bmp">
      <Filter>Game Shogi\Respoure Files</Filter>
    </Image>
    <Image Include="Game Shogi\res\Shogi_BNP_L.bmp">
      <Filter>Game Shogi\Respoure Files</Filter>
    </Image>
    <Image Include="Game Shogi\res\Shogi_BP_L.bmp">
      <Filter>Game Shogi\Respoure Files</Filter>
    </Image>
    <Image Include="Game Shogi\res\Shogi_BP_S.bmp">
      <Filter>Game Shogi\Respoure Files</Filter>
    </Image>
    <Image Include="Game Shogi\res\Shogi_BPP_L.bmp">
      <Filter>Game Shogi\Respoure Files</Filter>
    </Image>
    <Image Include="Game Shogi\res\Shogi_BR_L.bmp">
      <Filter>Game Shogi\Respoure Files</Filter>
    </Image>
    <Image Include="Game Shogi\res\Shogi_BR_S.bmp">
      <Filter>Game Shogi\Respoure Files</Filter>
    </Image>
    <Image Include="Game Shogi\res\Shogi_BRP_L.bmp">
      <Filter>Game Shogi\Respoure Files</Filter>
    </Image>
    <Image Include="Game Shogi\res\Shogi_BS_L.bmp">
      <Filter>Game Shogi\Respoure Files</Filter>
    </Image>
    <Image Include="Game Shogi\res\Shogi_BS_S.bmp">
      <Filter>Game Shogi\Respoure Files</Filter>
    </Image>
    <Image Include="Game Shogi\res\Shogi_BSP_L.bmp">
      <Filter>Game Shogi\Respoure Files</Filter>
    </Image>
    <Image Include="Game Shogi\res\Shogi_WB_L.bmp">
      <Filter>Game Shogi\Respoure Files</Filter>
    </Image>
    <Image Include="Game Shogi\res\Shogi_WB_S.bmp">
      <Filter>Game Shogi\Respoure Files</Filter>
    </Image>
    <Image Include="Game Shogi\res\Shogi_WBP_L.bmp">
      <Filter>Game Shogi\Respoure Files</Filter>
    </Image>
    <Image Include="Game Shogi\res\Shogi_WG_L.bmp">
      <Filter>Game Shogi\Respoure Files</Filter>
    </Image>
    <Image Include="Game Shogi\res\Shogi_WG_S.bmp">
      <Filter>Game Shogi\Respoure Files</Filter>
    </Image>
    <Image Include="Game Shogi\res\Shogi_WK_L.bmp">
      <Filter>Game Shogi\Respoure Files</Filter>
    </Image>
    <Image Include="Game Shogi\res\Shogi_WK_S.bmp">
      <Filter>Game Shogi\Respoure Files</Filter>
    </Image>
    <Image Include="Game Shogi\res\Shogi_WL_L.bmp">
      <Filter>Game Shogi\Respoure Files</Filter>
    </Image>
    <Image Include="Game Shogi\res\Shogi_WL_S.bmp">
      <Filter>Game Shogi\Respoure Files</Filter>
    </Image>
    <Image Include="Game Shogi\res\Shogi_WLP_L.bmp">
      <Filter>Game Shogi\Respoure Files</Filter>
    </Image>
    <Image Include="Game Shogi\res\Shogi_WN_L.bmp">
      <Filter>Game Shogi\Respoure Files</Filter>
    </Image>
    <Image Include="Game Shogi\res\Shogi_WN_S.bmp">
      <Filter>Game Shogi\Respoure Files</Filter>
    </Image>
    <Image Include="Game Shogi\res\Shogi_WNP_L.bmp">
      <Filter>Game Shogi\Respoure Files</Filter>
    </Image>
    <Image Include="Game Shogi\res\Shogi_WP_L.bmp">
      <Filter>Game Shogi\Respoure Files</Filter>
    </Image>
    <Image Include="Game Shogi\res\Shogi_WP_S.bmp">
      <Filter>Game Shogi\Respoure Files</Filter>
    </Image>
    <Image Include="Game Shogi\res\Shogi_WPP_L.bmp">
      <Filter>Game Shogi\Respoure Files</Filter>
    </Image>
    <Image Include="Game Shogi\res\Shogi_WR_L.bmp">
      <Filter>Game Shogi\Respoure Files</Filter>
    </Image>
    <Image Include="Game Shogi\res\Shogi_WR_S.bmp">
      <Filter>Game Shogi\Respoure Files</Filter>
    </Image>
    <Image Include="Game Shogi\res\Shogi_WRP_L.bmp">
      <Filter>Game Shogi\Respoure Files</Filter>
    </Image>
    <Image Include="Game Shogi\res\Shogi_WS_L.bmp">
      <Filter>Game Shogi\Respoure Files</Filter>
    </Image>
    <Image Include="Game Shogi\res\Shogi_WS_S.bmp">
      <Filter>Game Shogi\Respoure Files</Filter>
    </Image>
    <Image Include="Game Shogi\res\Shogi_WSP_L.bmp">
      <Filter>Game Shogi\Respoure Files</Filter>
    </Image>
    <Image Include="Game Espionage\res\EspionageVolcano.bmp">
      <Filter>Game Espionage\Resource Files</Filter>
    </Image>
    <Image Include="Game Espionage\res\EspionageUnknown.bmp">
      <Filter>Game Espionage\Resource Files</Filter>
    </Image>
  </ItemGroup>
  <ItemGroup>
    <Text Include="..\New Game Instructions.txt" />
  </ItemGroup>
</Project>